
Microsoft Visual Studio Solution File, Format Version 12.00
# Visual Studio 15
VisualStudioVersion = 15.0.28307.1000
MinimumVisualStudioVersion = 10.0.40219.1
Project("{FAE04EC0-301F-11D3-BF4B-00C04F79EFBC}") = "FreshAir_WindowManager_WPF_MVVM", "FreshAir_WindowManager_WPF_MVVM\FreshAir_WindowManager_WPF_MVVM.csproj", "{430F3EB9-DECC-4958-81A0-DD7553C3EF7E}"
EndProject
Global
	GlobalSection(SolutionConfigurationPlatforms) = preSolution
		Debug|Any CPU = Debug|Any CPU
		Release|Any CPU = Release|Any CPU
	EndGlobalSection
	GlobalSection(ProjectConfigurationPlatforms) = postSolution
		{430F3EB9-DECC-4958-81A0-DD7553C3EF7E}.Debug|Any CPU.ActiveCfg = Debug|Any CPU
		{430F3EB9-DECC-4958-81A0-DD7553C3EF7E}.Debug|Any CPU.Build.0 = Debug|Any CPU
		{430F3EB9-DECC-4958-81A0-DD7553C3EF7E}.Release|Any CPU.ActiveCfg = Release|Any CPU
		{430F3EB9-DECC-4958-81A0-DD7553C3EF7E}.Release|Any CPU.Build.0 = Release|Any CPU
	EndGlobalSection
	GlobalSection(SolutionProperties) = preSolution
		HideSolutionNode = FALSE
	EndGlobalSection
	GlobalSection(ExtensibilityGlobals) = postSolution
		SolutionGuid = {E297709B-8B89-45E7-9321-378E1D4EDB83}
	EndGlobalSection
EndGlobal
